// !$*UTF8*$!
{
	archiveVersion = 1;
	classes = {
	};
	objectVersion = 46;
	objects = {

/* Begin PBXBuildFile section */
		17412DA81C352A6D006999CB /* main.m in Sources */ = {isa = PBXBuildFile; fileRef = 17412DA71C352A6D006999CB /* main.m */; };
		17412DAB1C352A6D006999CB /* AppDelegate.m in Sources */ = {isa = PBXBuildFile; fileRef = 17412DAA1C352A6D006999CB /* AppDelegate.m */; };
		17412DAE1C352A6D006999CB /* ViewController.m in Sources */ = {isa = PBXBuildFile; fileRef = 17412DAD1C352A6D006999CB /* ViewController.m */; };
		17412DB11C352A6D006999CB /* Main.storyboard in Resources */ = {isa = PBXBuildFile; fileRef = 17412DAF1C352A6D006999CB /* Main.storyboard */; };
		17412DB31C352A6E006999CB /* Assets.xcassets in Resources */ = {isa = PBXBuildFile; fileRef = 17412DB21C352A6E006999CB /* Assets.xcassets */; };
		17412DB61C352A6E006999CB /* LaunchScreen.storyboard in Resources */ = {isa = PBXBuildFile; fileRef = 17412DB41C352A6E006999CB /* LaunchScreen.storyboard */; };
		17412DC11C352A6E006999CB /* ScrollViewTestTests.m in Sources */ = {isa = PBXBuildFile; fileRef = 17412DC01C352A6E006999CB /* ScrollViewTestTests.m */; };
		17412DCC1C352A6E006999CB /* ScrollViewTestUITests.m in Sources */ = {isa = PBXBuildFile; fileRef = 17412DCB1C352A6E006999CB /* ScrollViewTestUITests.m */; };
/* End PBXBuildFile section */

/* Begin PBXContainerItemProxy section */
		17412DBD1C352A6E006999CB /* PBXContainerItemProxy */ = {
			isa = PBXContainerItemProxy;
			containerPortal = 17412D9B1C352A6A006999CB /* Project object */;
			proxyType = 1;
			remoteGlobalIDString = 17412DA21C352A6B006999CB;
			remoteInfo = ScrollViewTest;
		};
		17412DC81C352A6E006999CB /* PBXContainerItemProxy */ = {
			isa = PBXContainerItemProxy;
			containerPortal = 17412D9B1C352A6A006999CB /* Project object */;
			proxyType = 1;
			remoteGlobalIDString = 17412DA21C352A6B006999CB;
			remoteInfo = ScrollViewTest;
		};
/* End PBXContainerItemProxy section */

/* Begin PBXFileReference section */
		17412DA31C352A6B006999CB /* ScrollViewTest.app */ = {isa = PBXFileReference; explicitFileType = wrapper.application; includeInIndex = 0; path = ScrollViewTest.app; sourceTree = BUILT_PRODUCTS_DIR; };
		17412DA71C352A6D006999CB /* main.m */ = {isa = PBXFileReference; lastKnownFileType = sourcecode.c.objc; path = main.m; sourceTree = "<group>"; };
		17412DA91C352A6D006999CB /* AppDelegate.h */ = {isa = PBXFileReference; lastKnownFileType = sourcecode.c.h; path = AppDelegate.h; sourceTree = "<group>"; };
		17412DAA1C352A6D006999CB /* AppDelegate.m */ = {isa = PBXFileReference; lastKnownFileType = sourcecode.c.objc; path = AppDelegate.m; sourceTree = "<group>"; };
		17412DAC1C352A6D006999CB /* ViewController.h */ = {isa = PBXFileReference; lastKnownFileType = sourcecode.c.h; path = ViewController.h; sourceTree = "<group>"; };
		17412DAD1C352A6D006999CB /* ViewController.m */ = {isa = PBXFileReference; lastKnownFileType = sourcecode.c.objc; path = ViewController.m; sourceTree = "<group>"; };
		17412DB01C352A6D006999CB /* Base */ = {isa = PBXFileReference; lastKnownFileType = file.storyboard; name = Base; path = Base.lproj/Main.storyboard; sourceTree = "<group>"; };
		17412DB21C352A6E006999CB /* Assets.xcassets */ = {isa = PBXFileReference; lastKnownFileType = folder.assetcatalog; path = Assets.xcassets; sourceTree = "<group>"; };
		17412DB51C352A6E006999CB /* Base */ = {isa = PBXFileReference; lastKnownFileType = file.storyboard; name = Base; path = Base.lproj/LaunchScreen.storyboard; sourceTree = "<group>"; };
		17412DB71C352A6E006999CB /* Info.plist */ = {isa = PBXFileReference; lastKnownFileType = text.plist.xml; path = Info.plist; sourceTree = "<group>"; };
		17412DBC1C352A6E006999CB /* ScrollViewTestTests.xctest */ = {isa = PBXFileReference; explicitFileType = wrapper.cfbundle; includeInIndex = 0; path = ScrollViewTestTests.xctest; sourceTree = BUILT_PRODUCTS_DIR; };
		17412DC01C352A6E006999CB /* ScrollViewTestTests.m */ = {isa = PBXFileReference; lastKnownFileType = sourcecode.c.objc; path = ScrollViewTestTests.m; sourceTree = "<group>"; };
		17412DC21C352A6E006999CB /* Info.plist */ = {isa = PBXFileReference; lastKnownFileType = text.plist.xml; path = Info.plist; sourceTree = "<group>"; };
		17412DC71C352A6E006999CB /* ScrollViewTestUITests.xctest */ = {isa = PBXFileReference; explicitFileType = wrapper.cfbundle; includeInIndex = 0; path = ScrollViewTestUITests.xctest; sourceTree = BUILT_PRODUCTS_DIR; };
		17412DCB1C352A6E006999CB /* ScrollViewTestUITests.m */ = {isa = PBXFileReference; lastKnownFileType = sourcecode.c.objc; path = ScrollViewTestUITests.m; sourceTree = "<group>"; };
		17412DCD1C352A6E006999CB /* Info.plist */ = {isa = PBXFileReference; lastKnownFileType = text.plist.xml; path = Info.plist; sourceTree = "<group>"; };
/* End PBXFileReference section */

/* Begin PBXFrameworksBuildPhase section */
		17412DA01C352A6B006999CB /* Frameworks */ = {
			isa = PBXFrameworksBuildPhase;
			buildActionMask = 2147483647;
			files = (
			);
			runOnlyForDeploymentPostprocessing = 0;
		};
		17412DB91C352A6E006999CB /* Frameworks */ = {
			isa = PBXFrameworksBuildPhase;
			buildActionMask = 2147483647;
			files = (
			);
			runOnlyForDeploymentPostprocessing = 0;
		};
		17412DC41C352A6E006999CB /* Frameworks */ = {
			isa = PBXFrameworksBuildPhase;
			buildActionMask = 2147483647;
			files = (
			);
			runOnlyForDeploymentPostprocessing = 0;
		};
/* End PBXFrameworksBuildPhase section */

/* Begin PBXGroup section */
		17412D9A1C352A6A006999CB = {
			isa = PBXGroup;
			children = (
				17412DA51C352A6C006999CB /* ScrollViewTest */,
				17412DBF1C352A6E006999CB /* ScrollViewTestTests */,
				17412DCA1C352A6E006999CB /* ScrollViewTestUITests */,
				17412DA41C352A6B006999CB /* Products */,
			);
			sourceTree = "<group>";
		};
		17412DA41C352A6B006999CB /* Products */ = {
			isa = PBXGroup;
			children = (
				17412DA31C352A6B006999CB /* ScrollViewTest.app */,
				17412DBC1C352A6E006999CB /* ScrollViewTestTests.xctest */,
				17412DC71C352A6E006999CB /* ScrollViewTestUITests.xctest */,
			);
			name = Products;
			sourceTree = "<group>";
		};
		17412DA51C352A6C006999CB /* ScrollViewTest */ = {
			isa = PBXGroup;
			children = (
				17412DA91C352A6D006999CB /* AppDelegate.h */,
				17412DAA1C352A6D006999CB /* AppDelegate.m */,
				17412DAC1C352A6D006999CB /* ViewController.h */,
				17412DAD1C352A6D006999CB /* ViewController.m */,
				17412DAF1C352A6D006999CB /* Main.storyboard */,
				17412DB21C352A6E006999CB /* Assets.xcassets */,
				17412DB41C352A6E006999CB /* LaunchScreen.storyboard */,
				17412DB71C352A6E006999CB /* Info.plist */,
				17412DA61C352A6C006999CB /* Supporting Files */,
			);
			path = ScrollViewTest;
			sourceTree = "<group>";
		};
		17412DA61C352A6C006999CB /* Supporting Files */ = {
			isa = PBXGroup;
			children = (
				17412DA71C352A6D006999CB /* main.m */,
			);
			name = "Supporting Files";
			sourceTree = "<group>";
		};
		17412DBF1C352A6E006999CB /* ScrollViewTestTests */ = {
			isa = PBXGroup;
			children = (
				17412DC01C352A6E006999CB /* ScrollViewTestTests.m */,
				17412DC21C352A6E006999CB /* Info.plist */,
			);
			path = ScrollViewTestTests;
			sourceTree = "<group>";
		};
		17412DCA1C352A6E006999CB /* ScrollViewTestUITests */ = {
			isa = PBXGroup;
			children = (
				17412DCB1C352A6E006999CB /* ScrollViewTestUITests.m */,
				17412DCD1C352A6E006999CB /* Info.plist */,
			);
			path = ScrollViewTestUITests;
			sourceTree = "<group>";
		};
/* End PBXGroup section */

/* Begin PBXNativeTarget section */
		17412DA21C352A6B006999CB /* ScrollViewTest */ = {
			isa = PBXNativeTarget;
			buildConfigurationList = 17412DD01C352A6F006999CB /* Build configuration list for PBXNativeTarget "ScrollViewTest" */;
			buildPhases = (
				17412D9F1C352A6B006999CB /* Sources */,
				17412DA01C352A6B006999CB /* Frameworks */,
				17412DA11C352A6B006999CB /* Resources */,
			);
			buildRules = (
			);
			dependencies = (
			);
			name = ScrollViewTest;
			productName = ScrollViewTest;
			productReference = 17412DA31C352A6B006999CB /* ScrollViewTest.app */;
			productType = "com.apple.product-type.application";
		};
		17412DBB1C352A6E006999CB /* ScrollViewTestTests */ = {
			isa = PBXNativeTarget;
			buildConfigurationList = 17412DD31C352A6F006999CB /* Build configuration list for PBXNativeTarget "ScrollViewTestTests" */;
			buildPhases = (
				17412DB81C352A6E006999CB /* Sources */,
				17412DB91C352A6E006999CB /* Frameworks */,
				17412DBA1C352A6E006999CB /* Resources */,
			);
			buildRules = (
			);
			dependencies = (
				17412DBE1C352A6E006999CB /* PBXTargetDependency */,
			);
			name = ScrollViewTestTests;
			productName = ScrollViewTestTests;
			productReference = 17412DBC1C352A6E006999CB /* ScrollViewTestTests.xctest */;
			productType = "com.apple.product-type.bundle.unit-test";
		};
		17412DC61C352A6E006999CB /* ScrollViewTestUITests */ = {
			isa = PBXNativeTarget;
			buildConfigurationList = 17412DD61C352A6F006999CB /* Build configuration list for PBXNativeTarget "ScrollViewTestUITests" */;
			buildPhases = (
				17412DC31C352A6E006999CB /* Sources */,
				17412DC41C352A6E006999CB /* Frameworks */,
				17412DC51C352A6E006999CB /* Resources */,
			);
			buildRules = (
			);
			dependencies = (
				17412DC91C352A6E006999CB /* PBXTargetDependency */,
			);
			name = ScrollViewTestUITests;
			productName = ScrollViewTestUITests;
			productReference = 17412DC71C352A6E006999CB /* ScrollViewTestUITests.xctest */;
			productType = "com.apple.product-type.bundle.ui-testing";
		};
/* End PBXNativeTarget section */

/* Begin PBXProject section */
		17412D9B1C352A6A006999CB /* Project object */ = {
			isa = PBXProject;
			attributes = {
				LastUpgradeCheck = 0720;
				ORGANIZATIONNAME = test;
				TargetAttributes = {
					17412DA21C352A6B006999CB = {
						CreatedOnToolsVersion = 7.2;
					};
					17412DBB1C352A6E006999CB = {
						CreatedOnToolsVersion = 7.2;
						TestTargetID = 17412DA21C352A6B006999CB;
					};
					17412DC61C352A6E006999CB = {
						CreatedOnToolsVersion = 7.2;
						TestTargetID = 17412DA21C352A6B006999CB;
					};
				};
			};
			buildConfigurationList = 17412D9E1C352A6A006999CB /* Build configuration list for PBXProject "ScrollViewTest" */;
			compatibilityVersion = "Xcode 3.2";
			developmentRegion = English;
			hasScannedForEncodings = 0;
			knownRegions = (
				en,
				Base,
			);
			mainGroup = 17412D9A1C352A6A006999CB;
			productRefGroup = 17412DA41C352A6B006999CB /* Products */;
			projectDirPath = "";
			projectRoot = "";
			targets = (
				17412DA21C352A6B006999CB /* ScrollViewTest */,
				17412DBB1C352A6E006999CB /* ScrollViewTestTests */,
				17412DC61C352A6E006999CB /* ScrollViewTestUITests */,
			);
		};
/* End PBXProject section */

/* Begin PBXResourcesBuildPhase section */
		17412DA11C352A6B006999CB /* Resources */ = {
			isa = PBXResourcesBuildPhase;
			buildActionMask = 2147483647;
			files = (
				17412DB61C352A6E006999CB /* LaunchScreen.storyboard in Resources */,
				17412DB31C352A6E006999CB /* Assets.xcassets in Resources */,
				17412DB11C352A6D006999CB /* Main.storyboard in Resources */,
			);
			runOnlyForDeploymentPostprocessing = 0;
		};
		17412DBA1C352A6E006999CB /* Resources */ = {
			isa = PBXResourcesBuildPhase;
			buildActionMask = 2147483647;
			files = (
			);
			runOnlyForDeploymentPostprocessing = 0;
		};
		17412DC51C352A6E006999CB /* Resources */ = {
			isa = PBXResourcesBuildPhase;
			buildActionMask = 2147483647;
			files = (
			);
			runOnlyForDeploymentPostprocessing = 0;
		};
/* End PBXResourcesBuildPhase section */

/* Begin PBXSourcesBuildPhase section */
		17412D9F1C352A6B006999CB /* Sources */ = {
			isa = PBXSourcesBuildPhase;
			buildActionMask = 2147483647;
			files = (
				17412DAE1C352A6D006999CB /* ViewController.m in Sources */,
				17412DAB1C352A6D006999CB /* AppDelegate.m in Sources */,
				17412DA81C352A6D006999CB /* main.m in Sources */,
			);
			runOnlyForDeploymentPostprocessing = 0;
		};
		17412DB81C352A6E006999CB /* Sources */ = {
			isa = PBXSourcesBuildPhase;
			buildActionMask = 2147483647;
			files = (
				17412DC11C352A6E006999CB /* ScrollViewTestTests.m in Sources */,
			);
			runOnlyForDeploymentPostprocessing = 0;
		};
		17412DC31C352A6E006999CB /* Sources */ = {
			isa = PBXSourcesBuildPhase;
			buildActionMask = 2147483647;
			files = (
				17412DCC1C352A6E006999CB /* ScrollViewTestUITests.m in Sources */,
			);
			runOnlyForDeploymentPostprocessing = 0;
		};
/* End PBXSourcesBuildPhase section */

/* Begin PBXTargetDependency section */
		17412DBE1C352A6E006999CB /* PBXTargetDependency */ = {
			isa = PBXTargetDependency;
			target = 17412DA21C352A6B006999CB /* ScrollViewTest */;
			targetProxy = 17412DBD1C352A6E006999CB /* PBXContainerItemProxy */;
		};
		17412DC91C352A6E006999CB /* PBXTargetDependency */ = {
			isa = PBXTargetDependency;
			target = 17412DA21C352A6B006999CB /* ScrollViewTest */;
			targetProxy = 17412DC81C352A6E006999CB /* PBXContainerItemProxy */;
		};
/* End PBXTargetDependency section */

/* Begin PBXVariantGroup section */
		17412DAF1C352A6D006999CB /* Main.storyboard */ = {
			isa = PBXVariantGroup;
			children = (
				17412DB01C352A6D006999CB /* Base */,
			);
			name = Main.storyboard;
			sourceTree = "<group>";
		};
		17412DB41C352A6E006999CB /* LaunchScreen.storyboard */ = {
			isa = PBXVariantGroup;
			children = (
				17412DB51C352A6E006999CB /* Base */,
			);
			name = LaunchScreen.storyboard;
			sourceTree = "<group>";
		};
/* End PBXVariantGroup section */

/* Begin XCBuildConfiguration section */
		17412DCE1C352A6F006999CB /* Debug */ = {
			isa = XCBuildConfiguration;
			buildSettings = {
				ALWAYS_SEARCH_USER_PATHS = NO;
				CLANG_CXX_LANGUAGE_STANDARD = "gnu++0x";
				CLANG_CXX_LIBRARY = "libc++";
				CLANG_ENABLE_MODULES = YES;
				CLANG_ENABLE_OBJC_ARC = YES;
				CLANG_WARN_BOOL_CONVERSION = YES;
				CLANG_WARN_CONSTANT_CONVERSION = YES;
				CLANG_WARN_DIRECT_OBJC_ISA_USAGE = YES_ERROR;
				CLANG_WARN_EMPTY_BODY = YES;
				CLANG_WARN_ENUM_CONVERSION = YES;
				CLANG_WARN_INT_CONVERSION = YES;
				CLANG_WARN_OBJC_ROOT_CLASS = YES_ERROR;
				CLANG_WARN_UNREACHABLE_CODE = YES;
				CLANG_WARN__DUPLICATE_METHOD_MATCH = YES;
				"CODE_SIGN_IDENTITY[sdk=iphoneos*]" = "iPhone Developer";
				COPY_PHASE_STRIP = NO;
				DEBUG_INFORMATION_FORMAT = dwarf;
				ENABLE_STRICT_OBJC_MSGSEND = YES;
				ENABLE_TESTABILITY = YES;
				GCC_C_LANGUAGE_STANDARD = gnu99;
				GCC_DYNAMIC_NO_PIC = NO;
				GCC_NO_COMMON_BLOCKS = YES;
				GCC_OPTIMIZATION_LEVEL = 0;
				GCC_PREPROCESSOR_DEFINITIONS = (
					"DEBUG=1",
					"$(inherited)",
				);
				GCC_WARN_64_TO_32_BIT_CONVERSION = YES;
				GCC_WARN_ABOUT_RETURN_TYPE = YES_ERROR;
				GCC_WARN_UNDECLARED_SELECTOR = YES;
				GCC_WARN_UNINITIALIZED_AUTOS = YES_AGGRESSIVE;
				GCC_WARN_UNUSED_FUNCTION = YES;
				GCC_WARN_UNUSED_VARIABLE = YES;
				IPHONEOS_DEPLOYMENT_TARGET = 9.2;
				MTL_ENABLE_DEBUG_INFO = YES;
				ONLY_ACTIVE_ARCH = YES;
				SDKROOT = iphoneos;
				TARGETED_DEVICE_FAMILY = "1,2";
			};
			name = Debug;
		};
		17412DCF1C352A6F006999CB /* Release */ = {
			isa = XCBuildConfiguration;
			buildSettings = {
				ALWAYS_SEARCH_USER_PATHS = NO;
				CLANG_CXX_LANGUAGE_STANDARD = "gnu++0x";
				CLANG_CXX_LIBRARY = "libc++";
				CLANG_ENABLE_MODULES = YES;
				CLANG_ENABLE_OBJC_ARC = YES;
				CLANG_WARN_BOOL_CONVERSION = YES;
				CLANG_WARN_CONSTANT_CONVERSION = YES;
				CLANG_WARN_DIRECT_OBJC_ISA_USAGE = YES_ERROR;
				CLANG_WARN_EMPTY_BODY = YES;
				CLANG_WARN_ENUM_CONVERSION = YES;
				CLANG_WARN_INT_CONVERSION = YES;
				CLANG_WARN_OBJC_ROOT_CLASS = YES_ERROR;
				CLANG_WARN_UNREACHABLE_CODE = YES;
				CLANG_WARN__DUPLICATE_METHOD_MATCH = YES;
				"CODE_SIGN_IDENTITY[sdk=iphoneos*]" = "iPhone Developer";
				COPY_PHASE_STRIP = NO;
				DEBUG_INFORMATION_FORMAT = "dwarf-with-dsym";
				ENABLE_NS_ASSERTIONS = NO;
				ENABLE_STRICT_OBJC_MSGSEND = YES;
				GCC_C_LANGUAGE_STANDARD = gnu99;
				GCC_NO_COMMON_BLOCKS = YES;
				GCC_WARN_64_TO_32_BIT_CONVERSION = YES;
				GCC_WARN_ABOUT_RETURN_TYPE = YES_ERROR;
				GCC_WARN_UNDECLARED_SELECTOR = YES;
				GCC_WARN_UNINITIALIZED_AUTOS = YES_AGGRESSIVE;
				GCC_WARN_UNUSED_FUNCTION = YES;
				GCC_WARN_UNUSED_VARIABLE = YES;
				IPHONEOS_DEPLOYMENT_TARGET = 9.2;
				MTL_ENABLE_DEBUG_INFO = NO;
				SDKROOT = iphoneos;
				TARGETED_DEVICE_FAMILY = "1,2";
				VALIDATE_PRODUCT = YES;
			};
			name = Release;
		};
		17412DD11C352A6F006999CB /* Debug */ = {
			isa = XCBuildConfiguration;
			buildSettings = {
				ASSETCATALOG_COMPILER_APPICON_NAME = AppIcon;
				INFOPLIST_FILE = ScrollViewTest/Info.plist;
				LD_RUNPATH_SEARCH_PATHS = "$(inherited) @executable_path/Frameworks";
				PRODUCT_BUNDLE_IDENTIFIER = "-111.ScrollViewTest";
				PRODUCT_NAME = "$(TARGET_NAME)";
			};
			name = Debug;
		};
		17412DD21C352A6F006999CB /* Release */ = {
			isa = XCBuildConfiguration;
			buildSettings = {
				ASSETCATALOG_COMPILER_APPICON_NAME = AppIcon;
				INFOPLIST_FILE = ScrollViewTest/Info.plist;
				LD_RUNPATH_SEARCH_PATHS = "$(inherited) @executable_path/Frameworks";
				PRODUCT_BUNDLE_IDENTIFIER = "-111.ScrollViewTest";
				PRODUCT_NAME = "$(TARGET_NAME)";
			};
			name = Release;
		};
		17412DD41C352A6F006999CB /* Debug */ = {
			isa = XCBuildConfiguration;
			buildSettings = {
				BUNDLE_LOADER = "$(TEST_HOST)";
				INFOPLIST_FILE = ScrollViewTestTests/Info.plist;
				LD_RUNPATH_SEARCH_PATHS = "$(inherited) @executable_path/Frameworks @loader_path/Frameworks";
				PRODUCT_BUNDLE_IDENTIFIER = "-111.ScrollViewTestTests";
				PRODUCT_NAME = "$(TARGET_NAME)";
				TEST_HOST = "$(BUILT_PRODUCTS_DIR)/ScrollViewTest.app/ScrollViewTest";
			};
			name = Debug;
		};
		17412DD51C352A6F006999CB /* Release */ = {
			isa = XCBuildConfiguration;
			buildSettings = {
				BUNDLE_LOADER = "$(TEST_HOST)";
				INFOPLIST_FILE = ScrollViewTestTests/Info.plist;
				LD_RUNPATH_SEARCH_PATHS = "$(inherited) @executable_path/Frameworks @loader_path/Frameworks";
				PRODUCT_BUNDLE_IDENTIFIER = "-111.ScrollViewTestTests";
				PRODUCT_NAME = "$(TARGET_NAME)";
				TEST_HOST = "$(BUILT_PRODUCTS_DIR)/ScrollViewTest.app/ScrollViewTest";
			};
			name = Release;
		};
		17412DD71C352A6F006999CB /* Debug */ = {
			isa = XCBuildConfiguration;
			buildSettings = {
				INFOPLIST_FILE = ScrollViewTestUITests/Info.plist;
				LD_RUNPATH_SEARCH_PATHS = "$(inherited) @executable_path/Frameworks @loader_path/Frameworks";
				PRODUCT_BUNDLE_IDENTIFIER = "-111.ScrollViewTestUITests";
				PRODUCT_NAME = "$(TARGET_NAME)";
				TEST_TARGET_NAME = ScrollViewTest;
				USES_XCTRUNNER = YES;
			};
			name = Debug;
		};
		17412DD81C352A6F006999CB /* Release */ = {
			isa = XCBuildConfiguration;
			buildSettings = {
				INFOPLIST_FILE = ScrollViewTestUITests/Info.plist;
				LD_RUNPATH_SEARCH_PATHS = "$(inherited) @executable_path/Frameworks @loader_path/Frameworks";
				PRODUCT_BUNDLE_IDENTIFIER = "-111.ScrollViewTestUITests";
				PRODUCT_NAME = "$(TARGET_NAME)";
				TEST_TARGET_NAME = ScrollViewTest;
				USES_XCTRUNNER = YES;
			};
			name = Release;
		};
/* End XCBuildConfiguration section */

/* Begin XCConfigurationList section */
		17412D9E1C352A6A006999CB /* Build configuration list for PBXProject "ScrollViewTest" */ = {
			isa = XCConfigurationList;
			buildConfigurations = (
				17412DCE1C352A6F006999CB /* Debug */,
				17412DCF1C352A6F006999CB /* Release */,
			);
			defaultConfigurationIsVisible = 0;
			defaultConfigurationName = Release;
		};
		17412DD01C352A6F006999CB /* Build configuration list for PBXNativeTarget "ScrollViewTest" */ = {
			isa = XCConfigurationList;
			buildConfigurations = (
				17412DD11C352A6F006999CB /* Debug */,
				17412DD21C352A6F006999CB /* Release */,
			);
			defaultConfigurationIsVisible = 0;
		};
		17412DD31C352A6F006999CB /* Build configuration list for PBXNativeTarget "ScrollViewTestTests" */ = {
			isa = XCConfigurationList;
			buildConfigurations = (
				17412DD41C352A6F006999CB /* Debug */,
				17412DD51C352A6F006999CB /* Release */,
			);
			defaultConfigurationIsVisible = 0;
		};
		17412DD61C352A6F006999CB /* Build configuration list for PBXNativeTarget "ScrollViewTestUITests" */ = {
			isa = XCConfigurationList;
			buildConfigurations = (
				17412DD71C352A6F006999CB /* Debug */,
				17412DD81C352A6F006999CB /* Release */,
			);
			defaultConfigurationIsVisible = 0;
		};
/* End XCConfigurationList section */
	};
	rootObject = 17412D9B1C352A6A006999CB /* Project object */;
}
